
Microsoft Visual Studio Solution File, Format Version 12.00
# Visual Studio 15
VisualStudioVersion = 15.0.27703.2018
MinimumVisualStudioVersion = 10.0.40219.1
Project("{8BC9CEB8-8B4A-11D0-8D11-00A0C91BC942}") = "triangleFitting2D", "triangleFitting2D\triangleFitting2D.vcxproj", "{EEA23530-1CC3-40F8-A7EB-418A11DE6447}"
EndProject
Global
	GlobalSection(SolutionConfigurationPlatforms) = preSolution
		Debug|x64 = Debug|x64
		Debug|x86 = Debug|x86
		Release|x64 = Release|x64
		Release|x86 = Release|x86
	EndGlobalSection
	GlobalSection(ProjectConfigurationPlatforms) = postSolution
		{EEA23530-1CC3-40F8-A7EB-418A11DE6447}.Debug|x64.ActiveCfg = Debug|x64
		{EEA23530-1CC3-40F8-A7EB-418A11DE6447}.Debug|x64.Build.0 = Debug|x64
		{EEA23530-1CC3-40F8-A7EB-418A11DE6447}.Debug|x86.ActiveCfg = Debug|Win32
		{EEA23530-1CC3-40F8-A7EB-418A11DE6447}.Debug|x86.Build.0 = Debug|Win32
		{EEA23530-1CC3-40F8-A7EB-418A11DE6447}.Release|x64.ActiveCfg = Release|x64
		{EEA23530-1CC3-40F8-A7EB-418A11DE6447}.Release|x64.Build.0 = Release|x64
		{EEA23530-1CC3-40F8-A7EB-418A11DE6447}.Release|x86.ActiveCfg = Release|Win32
		{EEA23530-1CC3-40F8-A7EB-418A11DE6447}.Release|x86.Build.0 = Release|Win32
	EndGlobalSection
	GlobalSection(SolutionProperties) = preSolution
		HideSolutionNode = FALSE
	EndGlobalSection
	GlobalSection(ExtensibilityGlobals) = postSolution
		SolutionGuid = {EC248161-7696-4B72-A1BB-23AA2A76432F}
	EndGlobalSection
EndGlobal
