<?xml version="1.0" encoding="utf-8"?>
<Project ToolsVersion="4.0" xmlns="http://schemas.microsoft.com/developer/msbuild/2003">
  <ItemGroup>
    <Filter Include="Source Files">
      <UniqueIdentifier>{4FC737F1-C7A5-4376-A066-2A32D752A2FF}</UniqueIdentifier>
      <Extensions>cpp;c;cc;cxx;def;odl;idl;hpj;bat;asm;asmx</Extensions>
    </Filter>
    <Filter Include="Header Files">
      <UniqueIdentifier>{93995380-89BD-4b04-88EB-625FBE52EBFB}</UniqueIdentifier>
      <Extensions>h;hh;hpp;hxx;hm;inl;inc;ipp;xsd</Extensions>
    </Filter>
    <Filter Include="Resource Files">
      <UniqueIdentifier>{67DA6AB6-F800-4c08-8B7A-83BB121AAD01}</UniqueIdentifier>
      <Extensions>rc;ico;cur;bmp;dlg;rc2;rct;bin;rgs;gif;jpg;jpeg;jpe;resx;tiff;tif;png;wav;mfcribbon-ms</Extensions>
    </Filter>
  </ItemGroup>
  <ItemGroup>
    <ClCompile Include="display.cpp">
      <Filter>Source Files</Filter>
    </ClCompile>
    <ClCompile Include="random.cpp">
      <Filter>Source Files</Filter>
    </ClCompile>
    <ClCompile Include="interactionsHandler.cpp">
      <Filter>Source Files</Filter>
    </ClCompile>
    <ClCompile Include="main.cpp">
      <Filter>Source Files</Filter>
    </ClCompile>
    <ClCompile Include="buttonsHolder.cpp">
      <Filter>Source Files</Filter>
    </ClCompile>
    <ClCompile Include="canvas.cpp">
      <Filter>Source Files</Filter>
    </ClCompile>
    <ClCompile Include="countdownLatch.cpp">
      <Filter>Source Files</Filter>
    </ClCompile>
    <ClCompile Include="drawable.cpp">
      <Filter>Source Files</Filter>
    </ClCompile>
    <ClCompile Include="executor.cpp">
      <Filter>Source Files</Filter>
    </ClCompile>
    <ClCompile Include="semaphore.cpp">
      <Filter>Source Files</Filter>
    </ClCompile>
    <ClCompile Include="texture.cpp">
      <Filter>Source Files</Filter>
    </ClCompile>
    <ClCompile Include="window.cpp">
      <Filter>Source Files</Filter>
    </ClCompile>
    <ClCompile Include="getColorOnPress.cpp">
      <Filter>Source Files</Filter>
    </ClCompile>
    <ClCompile Include="shader.cpp">
      <Filter>Source Files</Filter>
    </ClCompile>
    <ClCompile Include="simpleShader.cpp">
      <Filter>Source Files</Filter>
    </ClCompile>
    <ClCompile Include="texShader.cpp">
      <Filter>Source Files</Filter>
    </ClCompile>
    <ClCompile Include="texMesh.cpp">
      <Filter>Source Files</Filter>
    </ClCompile>
    <ClCompile Include="squareModel.cpp">
      <Filter>Source Files</Filter>
    </ClCompile>
    <ClCompile Include="squareMesh.cpp">
      <Filter>Source Files</Filter>
    </ClCompile>
    <ClCompile Include="lineMesh.cpp">
      <Filter>Source Files</Filter>
    </ClCompile>
    <ClCompile Include="selectable.cpp">
      <Filter>Source Files</Filter>
    </ClCompile>
    <ClCompile Include="removable.cpp">
      <Filter>Source Files</Filter>
    </ClCompile>
    <ClCompile Include="canvasDrawable.cpp">
      <Filter>Source Files</Filter>
    </ClCompile>
    <ClCompile Include="controlPlate.cpp">
      <Filter>Source Files</Filter>
    </ClCompile>
    <ClCompile Include="line.cpp">
      <Filter>Source Files</Filter>
    </ClCompile>
    <ClCompile Include="linePlate.cpp">
      <Filter>Source Files</Filter>
    </ClCompile>
    <ClCompile Include="globalVars.cpp">
      <Filter>Source Files</Filter>
    </ClCompile>
    <ClCompile Include="defaultPlate.cpp">
      <Filter>Source Files</Filter>
    </ClCompile>
    <ClCompile Include="button.cpp">
      <Filter>Source Files</Filter>
    </ClCompile>
    <ClCompile Include="buttons.cpp">
      <Filter>Source Files</Filter>
    </ClCompile>
    <ClCompile Include="canvasPlate.cpp">
      <Filter>Source Files</Filter>
    </ClCompile>
    <ClCompile Include="stb_image.c">
      <Filter>Source Files</Filter>
    </ClCompile>
    <ClCompile Include="brokenLine.cpp">
      <Filter>Source Files</Filter>
    </ClCompile>
    <ClCompile Include="brokenLineJoint.cpp">
      <Filter>Source Files</Filter>
    </ClCompile>
    <ClCompile Include="brokenLineSegment.cpp">
      <Filter>Source Files</Filter>
    </ClCompile>
    <ClCompile Include="brokenLinePlate.cpp">
      <Filter>Source Files</Filter>
    </ClCompile>
    <ClCompile Include="cubicSplineShader.cpp">
      <Filter>Source Files</Filter>
    </ClCompile>
    <ClCompile Include="cubicSplineMesh.cpp">
      <Filter>Source Files</Filter>
    </ClCompile>
    <ClCompile Include="cubicSplineModel.cpp">
      <Filter>Source Files</Filter>
    </ClCompile>
    <ClCompile Include="curve.cpp">
      <Filter>Source Files</Filter>
    </ClCompile>
    <ClCompile Include="tangentJoint.cpp">
      <Filter>Source Files</Filter>
    </ClCompile>
    <ClCompile Include="curveJoint.cpp">
      <Filter>Source Files</Filter>
    </ClCompile>
    <ClCompile Include="curveSegment.cpp">
      <Filter>Source Files</Filter>
    </ClCompile>
    <ClCompile Include="curvePlate.cpp">
      <Filter>Source Files</Filter>
    </ClCompile>
  </ItemGroup>
  <ItemGroup>
    <ClInclude Include="display.hpp">
      <Filter>Header Files</Filter>
    </ClInclude>
    <ClInclude Include="random.hpp">
      <Filter>Header Files</Filter>
    </ClInclude>
    <ClInclude Include="interactionsHandler.hpp">
      <Filter>Header Files</Filter>
    </ClInclude>
    <ClInclude Include="blockingQueue.hpp">
      <Filter>Header Files</Filter>
    </ClInclude>
    <ClInclude Include="buttonsHolder.hpp">
      <Filter>Header Files</Filter>
    </ClInclude>
    <ClInclude Include="canvas.hpp">
      <Filter>Header Files</Filter>
    </ClInclude>
    <ClInclude Include="concurrent.hpp">
      <Filter>Header Files</Filter>
    </ClInclude>
    <ClInclude Include="countdownLatch.hpp">
      <Filter>Header Files</Filter>
    </ClInclude>
    <ClInclude Include="defs.hpp">
      <Filter>Header Files</Filter>
    </ClInclude>
    <ClInclude Include="drawable.hpp">
      <Filter>Header Files</Filter>
    </ClInclude>
    <ClInclude Include="executor.hpp">
      <Filter>Header Files</Filter>
    </ClInclude>
    <ClInclude Include="semaphore.hpp">
      <Filter>Header Files</Filter>
    </ClInclude>
    <ClInclude Include="texture.hpp">
      <Filter>Header Files</Filter>
    </ClInclude>
    <ClInclude Include="window.hpp">
      <Filter>Header Files</Filter>
    </ClInclude>
    <ClInclude Include="getColorOnPress.hpp">
      <Filter>Header Files</Filter>
    </ClInclude>
    <ClInclude Include="shader.hpp">
      <Filter>Header Files</Filter>
    </ClInclude>
    <ClInclude Include="simpleShader.hpp">
      <Filter>Header Files</Filter>
    </ClInclude>
    <ClInclude Include="texShader.hpp">
      <Filter>Header Files</Filter>
    </ClInclude>
    <ClInclude Include="shaders.hpp">
      <Filter>Header Files</Filter>
    </ClInclude>
    <ClInclude Include="texMesh.hpp">
      <Filter>Header Files</Filter>
    </ClInclude>
    <ClInclude Include="squareModel.hpp">
      <Filter>Header Files</Filter>
    </ClInclude>
    <ClInclude Include="squareMesh.hpp">
      <Filter>Header Files</Filter>
    </ClInclude>
    <ClInclude Include="lineMesh.hpp">
      <Filter>Header Files</Filter>
    </ClInclude>
    <ClInclude Include="selectable.hpp">
      <Filter>Header Files</Filter>
    </ClInclude>
    <ClInclude Include="removable.hpp">
      <Filter>Header Files</Filter>
    </ClInclude>
    <ClInclude Include="batchQueue.hpp">
      <Filter>Header Files</Filter>
    </ClInclude>
    <ClInclude Include="canvasDrawable.hpp">
      <Filter>Header Files</Filter>
    </ClInclude>
    <ClInclude Include="canvasPlate.hpp">
      <Filter>Header Files</Filter>
    </ClInclude>
    <ClInclude Include="controlPlate.hpp">
      <Filter>Header Files</Filter>
    </ClInclude>
    <ClInclude Include="line.hpp">
      <Filter>Header Files</Filter>
    </ClInclude>
    <ClInclude Include="linePlate.hpp">
      <Filter>Header Files</Filter>
    </ClInclude>
    <ClInclude Include="meshes.hpp">
      <Filter>Header Files</Filter>
    </ClInclude>
    <ClInclude Include="globalVars.hpp">
      <Filter>Header Files</Filter>
    </ClInclude>
    <ClInclude Include="defaultPlate.hpp">
      <Filter>Header Files</Filter>
    </ClInclude>
    <ClInclude Include="canvasPlates.hpp">
      <Filter>Header Files</Filter>
    </ClInclude>
    <ClInclude Include="selectableDelegate.hpp">
      <Filter>Header Files</Filter>
    </ClInclude>
    <ClInclude Include="canvasDelegate.hpp">
      <Filter>Header Files</Filter>
    </ClInclude>
    <ClInclude Include="canvasDrawableDelegate.hpp">
      <Filter>Header Files</Filter>
    </ClInclude>
    <ClInclude Include="canvasPlatesDelegates.hpp">
      <Filter>Header Files</Filter>
    </ClInclude>
    <ClInclude Include="controlPlateDelegate.hpp">
      <Filter>Header Files</Filter>
    </ClInclude>
    <ClInclude Include="linePlateDelegate.hpp">
      <Filter>Header Files</Filter>
    </ClInclude>
    <ClInclude Include="removableDelegate.hpp">
      <Filter>Header Files</Filter>
    </ClInclude>
    <ClInclude Include="defaultPlateDelegate.hpp">
      <Filter>Header Files</Filter>
    </ClInclude>
    <ClInclude Include="button.hpp">
      <Filter>Header Files</Filter>
    </ClInclude>
    <ClInclude Include="buttonDelegate.hpp">
      <Filter>Header Files</Filter>
    </ClInclude>
    <ClInclude Include="buttons.hpp">
      <Filter>Header Files</Filter>
    </ClInclude>
    <ClInclude Include="canvasDrawables.hpp">
      <Filter>Header Files</Filter>
    </ClInclude>
    <ClInclude Include="stb_image.h">
      <Filter>Header Files</Filter>
    </ClInclude>
    <ClInclude Include="brokenLine.hpp">
      <Filter>Header Files</Filter>
    </ClInclude>
    <ClInclude Include="brokenLinePlate.hpp">
      <Filter>Header Files</Filter>
    </ClInclude>
    <ClInclude Include="brokenLinePlateDelegate.hpp">
      <Filter>Header Files</Filter>
    </ClInclude>
    <ClInclude Include="cubicSplineShader.hpp">
      <Filter>Header Files</Filter>
    </ClInclude>
    <ClInclude Include="cubicSplineMesh.hpp">
      <Filter>Header Files</Filter>
    </ClInclude>
    <ClInclude Include="cubicSplineModel.hpp">
      <Filter>Header Files</Filter>
    </ClInclude>
    <ClInclude Include="curve.hpp">
      <Filter>Header Files</Filter>
    </ClInclude>
    <ClInclude Include="curvePlate.hpp">
      <Filter>Header Files</Filter>
    </ClInclude>
    <ClInclude Include="curvePlateDelegate.hpp">
      <Filter>Header Files</Filter>
    </ClInclude>
  </ItemGroup>
  <ItemGroup>
    <MASM Include="rdrand.asm">
      <Filter>Source Files</Filter>
    </MASM>
  </ItemGroup>
</Project>